
Microsoft Visual Studio Solution File, Format Version 12.00
# Visual Studio 15
VisualStudioVersion = 15.0.27703.2035
MinimumVisualStudioVersion = 10.0.40219.1
Project("{8BC9CEB8-8B4A-11D0-8D11-00A0C91BC942}") = "glaze", "glaze.vcxproj", "{55B5E48E-7B75-4DCF-947F-3F800CFE7A3B}"
EndProject
Project("{8BC9CEB8-8B4A-11D0-8D11-00A0C91BC942}") = "glaze.core", "..\glaze.core\glaze.core.vcxproj", "{1ADE1988-C4EF-4A65-B294-670D65B84158}"
EndProject
Project("{8BC9CEB8-8B4A-11D0-8D11-00A0C91BC942}") = "glaze.generator", "..\glaze.generator\glaze.generator.vcxproj", "{8576EF86-F8D5-4EED-8F51-D48A203C3EF2}"
EndProject
Project("{8BC9CEB8-8B4A-11D0-8D11-00A0C91BC942}") = "glaze.test", "..\glaze.test\glaze.test.vcxproj", "{14D3B81C-50C0-4E3D-B425-99E48E92C898}"
EndProject
Project("{8BC9CEB8-8B4A-11D0-8D11-00A0C91BC942}") = "glaze.sqlite", "..\glaze.sqlite\glaze.sqlite.vcxproj", "{16F5BEF2-3A44-4C95-B7BF-51F4464A3872}"
EndProject
Project("{8BC9CEB8-8B4A-11D0-8D11-00A0C91BC942}") = "glaze.udp", "..\glaze.udp\glaze.udp.vcxproj", "{AE2954C7-AD67-4975-96AB-E14B8E51181A}"
EndProject
Project("{8BC9CEB8-8B4A-11D0-8D11-00A0C91BC942}") = "glaze.receiver", "..\glaze.receiver\glaze.receiver.vcxproj", "{5A854CA8-DF07-4AC9-8C08-CFD959A14D3D}"
EndProject
Project("{FAE04EC0-301F-11D3-BF4B-00C04F79EFBC}") = "glaze.archiver", "..\glaze.archiver\glaze.archiver.csproj", "{A0D6A0DC-62DD-4176-98F3-51CD6EA2986B}"
EndProject
Global
	GlobalSection(SolutionConfigurationPlatforms) = preSolution
		Debug|Any CPU = Debug|Any CPU
		Debug|ARM = Debug|ARM
		Debug|x64 = Debug|x64
		Debug|x86 = Debug|x86
		Release|Any CPU = Release|Any CPU
		Release|ARM = Release|ARM
		Release|x64 = Release|x64
		Release|x86 = Release|x86
	EndGlobalSection
	GlobalSection(ProjectConfigurationPlatforms) = postSolution
		{55B5E48E-7B75-4DCF-947F-3F800CFE7A3B}.Debug|Any CPU.ActiveCfg = Debug|Win32
		{55B5E48E-7B75-4DCF-947F-3F800CFE7A3B}.Debug|ARM.ActiveCfg = Debug|ARM
		{55B5E48E-7B75-4DCF-947F-3F800CFE7A3B}.Debug|ARM.Build.0 = Debug|ARM
		{55B5E48E-7B75-4DCF-947F-3F800CFE7A3B}.Debug|ARM.Deploy.0 = Debug|ARM
		{55B5E48E-7B75-4DCF-947F-3F800CFE7A3B}.Debug|x64.ActiveCfg = Debug|x64
		{55B5E48E-7B75-4DCF-947F-3F800CFE7A3B}.Debug|x64.Build.0 = Debug|x64
		{55B5E48E-7B75-4DCF-947F-3F800CFE7A3B}.Debug|x64.Deploy.0 = Debug|x64
		{55B5E48E-7B75-4DCF-947F-3F800CFE7A3B}.Debug|x86.ActiveCfg = Debug|Win32
		{55B5E48E-7B75-4DCF-947F-3F800CFE7A3B}.Debug|x86.Build.0 = Debug|Win32
		{55B5E48E-7B75-4DCF-947F-3F800CFE7A3B}.Debug|x86.Deploy.0 = Debug|Win32
		{55B5E48E-7B75-4DCF-947F-3F800CFE7A3B}.Release|Any CPU.ActiveCfg = Release|Win32
		{55B5E48E-7B75-4DCF-947F-3F800CFE7A3B}.Release|ARM.ActiveCfg = Release|ARM
		{55B5E48E-7B75-4DCF-947F-3F800CFE7A3B}.Release|ARM.Build.0 = Release|ARM
		{55B5E48E-7B75-4DCF-947F-3F800CFE7A3B}.Release|ARM.Deploy.0 = Release|ARM
		{55B5E48E-7B75-4DCF-947F-3F800CFE7A3B}.Release|x64.ActiveCfg = Release|x64
		{55B5E48E-7B75-4DCF-947F-3F800CFE7A3B}.Release|x64.Build.0 = Release|x64
		{55B5E48E-7B75-4DCF-947F-3F800CFE7A3B}.Release|x64.Deploy.0 = Release|x64
		{55B5E48E-7B75-4DCF-947F-3F800CFE7A3B}.Release|x86.ActiveCfg = Release|Win32
		{55B5E48E-7B75-4DCF-947F-3F800CFE7A3B}.Release|x86.Build.0 = Release|Win32
		{55B5E48E-7B75-4DCF-947F-3F800CFE7A3B}.Release|x86.Deploy.0 = Release|Win32
		{1ADE1988-C4EF-4A65-B294-670D65B84158}.Debug|Any CPU.ActiveCfg = Debug|Win32
		{1ADE1988-C4EF-4A65-B294-670D65B84158}.Debug|ARM.ActiveCfg = Debug|ARM
		{1ADE1988-C4EF-4A65-B294-670D65B84158}.Debug|ARM.Build.0 = Debug|ARM
		{1ADE1988-C4EF-4A65-B294-670D65B84158}.Debug|x64.ActiveCfg = Debug|x64
		{1ADE1988-C4EF-4A65-B294-670D65B84158}.Debug|x64.Build.0 = Debug|x64
		{1ADE1988-C4EF-4A65-B294-670D65B84158}.Debug|x86.ActiveCfg = Debug|Win32
		{1ADE1988-C4EF-4A65-B294-670D65B84158}.Debug|x86.Build.0 = Debug|Win32
		{1ADE1988-C4EF-4A65-B294-670D65B84158}.Release|Any CPU.ActiveCfg = Release|Win32
		{1ADE1988-C4EF-4A65-B294-670D65B84158}.Release|ARM.ActiveCfg = Release|ARM
		{1ADE1988-C4EF-4A65-B294-670D65B84158}.Release|ARM.Build.0 = Release|ARM
		{1ADE1988-C4EF-4A65-B294-670D65B84158}.Release|x64.ActiveCfg = Release|x64
		{1ADE1988-C4EF-4A65-B294-670D65B84158}.Release|x64.Build.0 = Release|x64
		{1ADE1988-C4EF-4A65-B294-670D65B84158}.Release|x86.ActiveCfg = Release|Win32
		{1ADE1988-C4EF-4A65-B294-670D65B84158}.Release|x86.Build.0 = Release|Win32
		{8576EF86-F8D5-4EED-8F51-D48A203C3EF2}.Debug|Any CPU.ActiveCfg = Debug|Win32
		{8576EF86-F8D5-4EED-8F51-D48A203C3EF2}.Debug|ARM.ActiveCfg = Debug|ARM
		{8576EF86-F8D5-4EED-8F51-D48A203C3EF2}.Debug|ARM.Build.0 = Debug|ARM
		{8576EF86-F8D5-4EED-8F51-D48A203C3EF2}.Debug|x64.ActiveCfg = Debug|x64
		{8576EF86-F8D5-4EED-8F51-D48A203C3EF2}.Debug|x64.Build.0 = Debug|x64
		{8576EF86-F8D5-4EED-8F51-D48A203C3EF2}.Debug|x86.ActiveCfg = Debug|Win32
		{8576EF86-F8D5-4EED-8F51-D48A203C3EF2}.Debug|x86.Build.0 = Debug|Win32
		{8576EF86-F8D5-4EED-8F51-D48A203C3EF2}.Release|Any CPU.ActiveCfg = Release|Win32
		{8576EF86-F8D5-4EED-8F51-D48A203C3EF2}.Release|ARM.ActiveCfg = Release|ARM
		{8576EF86-F8D5-4EED-8F51-D48A203C3EF2}.Release|ARM.Build.0 = Release|ARM
		{8576EF86-F8D5-4EED-8F51-D48A203C3EF2}.Release|x64.ActiveCfg = Release|x64
		{8576EF86-F8D5-4EED-8F51-D48A203C3EF2}.Release|x64.Build.0 = Release|x64
		{8576EF86-F8D5-4EED-8F51-D48A203C3EF2}.Release|x86.ActiveCfg = Release|Win32
		{8576EF86-F8D5-4EED-8F51-D48A203C3EF2}.Release|x86.Build.0 = Release|Win32
		{14D3B81C-50C0-4E3D-B425-99E48E92C898}.Debug|Any CPU.ActiveCfg = Debug|Win32
		{14D3B81C-50C0-4E3D-B425-99E48E92C898}.Debug|ARM.ActiveCfg = Debug|ARM
		{14D3B81C-50C0-4E3D-B425-99E48E92C898}.Debug|ARM.Build.0 = Debug|ARM
		{14D3B81C-50C0-4E3D-B425-99E48E92C898}.Debug|ARM.Deploy.0 = Debug|ARM
		{14D3B81C-50C0-4E3D-B425-99E48E92C898}.Debug|x64.ActiveCfg = Debug|x64
		{14D3B81C-50C0-4E3D-B425-99E48E92C898}.Debug|x64.Build.0 = Debug|x64
		{14D3B81C-50C0-4E3D-B425-99E48E92C898}.Debug|x64.Deploy.0 = Debug|x64
		{14D3B81C-50C0-4E3D-B425-99E48E92C898}.Debug|x86.ActiveCfg = Debug|Win32
		{14D3B81C-50C0-4E3D-B425-99E48E92C898}.Debug|x86.Build.0 = Debug|Win32
		{14D3B81C-50C0-4E3D-B425-99E48E92C898}.Debug|x86.Deploy.0 = Debug|Win32
		{14D3B81C-50C0-4E3D-B425-99E48E92C898}.Release|Any CPU.ActiveCfg = Release|Win32
		{14D3B81C-50C0-4E3D-B425-99E48E92C898}.Release|ARM.ActiveCfg = Release|ARM
		{14D3B81C-50C0-4E3D-B425-99E48E92C898}.Release|ARM.Build.0 = Release|ARM
		{14D3B81C-50C0-4E3D-B425-99E48E92C898}.Release|ARM.Deploy.0 = Release|ARM
		{14D3B81C-50C0-4E3D-B425-99E48E92C898}.Release|x64.ActiveCfg = Release|x64
		{14D3B81C-50C0-4E3D-B425-99E48E92C898}.Release|x64.Build.0 = Release|x64
		{14D3B81C-50C0-4E3D-B425-99E48E92C898}.Release|x64.Deploy.0 = Release|x64
		{14D3B81C-50C0-4E3D-B425-99E48E92C898}.Release|x86.ActiveCfg = Release|Win32
		{14D3B81C-50C0-4E3D-B425-99E48E92C898}.Release|x86.Build.0 = Release|Win32
		{14D3B81C-50C0-4E3D-B425-99E48E92C898}.Release|x86.Deploy.0 = Release|Win32
		{16F5BEF2-3A44-4C95-B7BF-51F4464A3872}.Debug|Any CPU.ActiveCfg = Debug|Win32
		{16F5BEF2-3A44-4C95-B7BF-51F4464A3872}.Debug|ARM.ActiveCfg = Debug|ARM
		{16F5BEF2-3A44-4C95-B7BF-51F4464A3872}.Debug|ARM.Build.0 = Debug|ARM
		{16F5BEF2-3A44-4C95-B7BF-51F4464A3872}.Debug|x64.ActiveCfg = Debug|x64
		{16F5BEF2-3A44-4C95-B7BF-51F4464A3872}.Debug|x64.Build.0 = Debug|x64
		{16F5BEF2-3A44-4C95-B7BF-51F4464A3872}.Debug|x86.ActiveCfg = Debug|Win32
		{16F5BEF2-3A44-4C95-B7BF-51F4464A3872}.Debug|x86.Build.0 = Debug|Win32
		{16F5BEF2-3A44-4C95-B7BF-51F4464A3872}.Release|Any CPU.ActiveCfg = Release|Win32
		{16F5BEF2-3A44-4C95-B7BF-51F4464A3872}.Release|ARM.ActiveCfg = Release|ARM
		{16F5BEF2-3A44-4C95-B7BF-51F4464A3872}.Release|ARM.Build.0 = Release|ARM
		{16F5BEF2-3A44-4C95-B7BF-51F4464A3872}.Release|x64.ActiveCfg = Release|x64
		{16F5BEF2-3A44-4C95-B7BF-51F4464A3872}.Release|x64.Build.0 = Release|x64
		{16F5BEF2-3A44-4C95-B7BF-51F4464A3872}.Release|x86.ActiveCfg = Release|Win32
		{16F5BEF2-3A44-4C95-B7BF-51F4464A3872}.Release|x86.Build.0 = Release|Win32
		{AE2954C7-AD67-4975-96AB-E14B8E51181A}.Debug|Any CPU.ActiveCfg = Debug|Win32
		{AE2954C7-AD67-4975-96AB-E14B8E51181A}.Debug|ARM.ActiveCfg = Debug|ARM
		{AE2954C7-AD67-4975-96AB-E14B8E51181A}.Debug|ARM.Build.0 = Debug|ARM
		{AE2954C7-AD67-4975-96AB-E14B8E51181A}.Debug|x64.ActiveCfg = Debug|x64
		{AE2954C7-AD67-4975-96AB-E14B8E51181A}.Debug|x64.Build.0 = Debug|x64
		{AE2954C7-AD67-4975-96AB-E14B8E51181A}.Debug|x86.ActiveCfg = Debug|Win32
		{AE2954C7-AD67-4975-96AB-E14B8E51181A}.Debug|x86.Build.0 = Debug|Win32
		{AE2954C7-AD67-4975-96AB-E14B8E51181A}.Release|Any CPU.ActiveCfg = Release|Win32
		{AE2954C7-AD67-4975-96AB-E14B8E51181A}.Release|ARM.ActiveCfg = Release|ARM
		{AE2954C7-AD67-4975-96AB-E14B8E51181A}.Release|ARM.Build.0 = Release|ARM
		{AE2954C7-AD67-4975-96AB-E14B8E51181A}.Release|x64.ActiveCfg = Release|x64
		{AE2954C7-AD67-4975-96AB-E14B8E51181A}.Release|x64.Build.0 = Release|x64
		{AE2954C7-AD67-4975-96AB-E14B8E51181A}.Release|x86.ActiveCfg = Release|Win32
		{AE2954C7-AD67-4975-96AB-E14B8E51181A}.Release|x86.Build.0 = Release|Win32
		{5A854CA8-DF07-4AC9-8C08-CFD959A14D3D}.Debug|Any CPU.ActiveCfg = Debug|Win32
		{5A854CA8-DF07-4AC9-8C08-CFD959A14D3D}.Debug|ARM.ActiveCfg = Debug|ARM
		{5A854CA8-DF07-4AC9-8C08-CFD959A14D3D}.Debug|ARM.Build.0 = Debug|ARM
		{5A854CA8-DF07-4AC9-8C08-CFD959A14D3D}.Debug|ARM.Deploy.0 = Debug|ARM
		{5A854CA8-DF07-4AC9-8C08-CFD959A14D3D}.Debug|x64.ActiveCfg = Debug|x64
		{5A854CA8-DF07-4AC9-8C08-CFD959A14D3D}.Debug|x64.Build.0 = Debug|x64
		{5A854CA8-DF07-4AC9-8C08-CFD959A14D3D}.Debug|x64.Deploy.0 = Debug|x64
		{5A854CA8-DF07-4AC9-8C08-CFD959A14D3D}.Debug|x86.ActiveCfg = Debug|Win32
		{5A854CA8-DF07-4AC9-8C08-CFD959A14D3D}.Debug|x86.Build.0 = Debug|Win32
		{5A854CA8-DF07-4AC9-8C08-CFD959A14D3D}.Debug|x86.Deploy.0 = Debug|Win32
		{5A854CA8-DF07-4AC9-8C08-CFD959A14D3D}.Release|Any CPU.ActiveCfg = Release|Win32
		{5A854CA8-DF07-4AC9-8C08-CFD959A14D3D}.Release|ARM.ActiveCfg = Release|ARM
		{5A854CA8-DF07-4AC9-8C08-CFD959A14D3D}.Release|ARM.Build.0 = Release|ARM
		{5A854CA8-DF07-4AC9-8C08-CFD959A14D3D}.Release|ARM.Deploy.0 = Release|ARM
		{5A854CA8-DF07-4AC9-8C08-CFD959A14D3D}.Release|x64.ActiveCfg = Release|x64
		{5A854CA8-DF07-4AC9-8C08-CFD959A14D3D}.Release|x64.Build.0 = Release|x64
		{5A854CA8-DF07-4AC9-8C08-CFD959A14D3D}.Release|x64.Deploy.0 = Release|x64
		{5A854CA8-DF07-4AC9-8C08-CFD959A14D3D}.Release|x86.ActiveCfg = Release|Win32
		{5A854CA8-DF07-4AC9-8C08-CFD959A14D3D}.Release|x86.Build.0 = Release|Win32
		{5A854CA8-DF07-4AC9-8C08-CFD959A14D3D}.Release|x86.Deploy.0 = Release|Win32
		{A0D6A0DC-62DD-4176-98F3-51CD6EA2986B}.Debug|Any CPU.ActiveCfg = Debug|Any CPU
		{A0D6A0DC-62DD-4176-98F3-51CD6EA2986B}.Debug|Any CPU.Build.0 = Debug|Any CPU
		{A0D6A0DC-62DD-4176-98F3-51CD6EA2986B}.Debug|ARM.ActiveCfg = Debug|Any CPU
		{A0D6A0DC-62DD-4176-98F3-51CD6EA2986B}.Debug|ARM.Build.0 = Debug|Any CPU
		{A0D6A0DC-62DD-4176-98F3-51CD6EA2986B}.Debug|x64.ActiveCfg = Debug|Any CPU
		{A0D6A0DC-62DD-4176-98F3-51CD6EA2986B}.Debug|x64.Build.0 = Debug|Any CPU
		{A0D6A0DC-62DD-4176-98F3-51CD6EA2986B}.Debug|x86.ActiveCfg = Debug|Any CPU
		{A0D6A0DC-62DD-4176-98F3-51CD6EA2986B}.Debug|x86.Build.0 = Debug|Any CPU
		{A0D6A0DC-62DD-4176-98F3-51CD6EA2986B}.Release|Any CPU.ActiveCfg = Release|Any CPU
		{A0D6A0DC-62DD-4176-98F3-51CD6EA2986B}.Release|Any CPU.Build.0 = Release|Any CPU
		{A0D6A0DC-62DD-4176-98F3-51CD6EA2986B}.Release|ARM.ActiveCfg = Release|Any CPU
		{A0D6A0DC-62DD-4176-98F3-51CD6EA2986B}.Release|ARM.Build.0 = Release|Any CPU
		{A0D6A0DC-62DD-4176-98F3-51CD6EA2986B}.Release|x64.ActiveCfg = Release|Any CPU
		{A0D6A0DC-62DD-4176-98F3-51CD6EA2986B}.Release|x64.Build.0 = Release|Any CPU
		{A0D6A0DC-62DD-4176-98F3-51CD6EA2986B}.Release|x86.ActiveCfg = Release|Any CPU
		{A0D6A0DC-62DD-4176-98F3-51CD6EA2986B}.Release|x86.Build.0 = Release|Any CPU
	EndGlobalSection
	GlobalSection(SolutionProperties) = preSolution
		HideSolutionNode = FALSE
	EndGlobalSection
	GlobalSection(ExtensibilityGlobals) = postSolution
		SolutionGuid = {036EED78-1505-4475-B7ED-16982D0F3E30}
	EndGlobalSection
EndGlobal
